// !$*UTF8*$!
{
	archiveVersion = 1;
	classes = {
	};
	objectVersion = 46;
	objects = {

/* Begin PBXBuildFile section */
		B3FE750B1E5AB34C009CBBDA /* main.m in Sources */ = {isa = PBXBuildFile; fileRef = B3FE750A1E5AB34C009CBBDA /* main.m */; };
		B3FE750E1E5AB34C009CBBDA /* AppDelegate.m in Sources */ = {isa = PBXBuildFile; fileRef = B3FE750D1E5AB34C009CBBDA /* AppDelegate.m */; };
		B3FE75111E5AB34C009CBBDA /* ViewController.m in Sources */ = {isa = PBXBuildFile; fileRef = B3FE75101E5AB34C009CBBDA /* ViewController.m */; };
		B3FE75141E5AB34C009CBBDA /* Main.storyboard in Resources */ = {isa = PBXBuildFile; fileRef = B3FE75121E5AB34C009CBBDA /* Main.storyboard */; };
		B3FE75161E5AB34C009CBBDA /* Assets.xcassets in Resources */ = {isa = PBXBuildFile; fileRef = B3FE75151E5AB34C009CBBDA /* Assets.xcassets */; };
		B3FE75191E5AB34C009CBBDA /* LaunchScreen.storyboard in Resources */ = {isa = PBXBuildFile; fileRef = B3FE75171E5AB34C009CBBDA /* LaunchScreen.storyboard */; };
		B3FE75241E5AB34C009CBBDA /* iOS10NotificationDemoTests.m in Sources */ = {isa = PBXBuildFile; fileRef = B3FE75231E5AB34C009CBBDA /* iOS10NotificationDemoTests.m */; };
		B3FE752F1E5AB34C009CBBDA /* iOS10NotificationDemoUITests.m in Sources */ = {isa = PBXBuildFile; fileRef = B3FE752E1E5AB34C009CBBDA /* iOS10NotificationDemoUITests.m */; };
		B3FE75451E5B34F6009CBBDA /* audio.Mp3 in Resources */ = {isa = PBXBuildFile; fileRef = B3FE75441E5B34F6009CBBDA /* audio.Mp3 */; };
		B3FE75471E5B3547009CBBDA /* wallpaper.png in Resources */ = {isa = PBXBuildFile; fileRef = B3FE75461E5B3547009CBBDA /* wallpaper.png */; };
		B3FE754F1E5B3762009CBBDA /* UserNotifications.framework in Frameworks */ = {isa = PBXBuildFile; fileRef = B3FE754E1E5B3762009CBBDA /* UserNotifications.framework */; };
		B3FE75511E5B3762009CBBDA /* UserNotificationsUI.framework in Frameworks */ = {isa = PBXBuildFile; fileRef = B3FE75501E5B3762009CBBDA /* UserNotificationsUI.framework */; };
		B3FE75551E5B3762009CBBDA /* NotificationViewController.m in Sources */ = {isa = PBXBuildFile; fileRef = B3FE75541E5B3762009CBBDA /* NotificationViewController.m */; };
		B3FE75581E5B3762009CBBDA /* MainInterface.storyboard in Resources */ = {isa = PBXBuildFile; fileRef = B3FE75561E5B3762009CBBDA /* MainInterface.storyboard */; };
		B3FE755C1E5B3762009CBBDA /* YTContent.appex in Embed App Extensions */ = {isa = PBXBuildFile; fileRef = B3FE754C1E5B3762009CBBDA /* YTContent.appex */; settings = {ATTRIBUTES = (RemoveHeadersOnCopy, ); }; };
		B3FE75621E5B4ACD009CBBDA /* video2.mp4 in Resources */ = {isa = PBXBuildFile; fileRef = B3FE75611E5B4ACD009CBBDA /* video2.mp4 */; };
/* End PBXBuildFile section */

/* Begin PBXContainerItemProxy section */
		B3FE75201E5AB34C009CBBDA /* PBXContainerItemProxy */ = {
			isa = PBXContainerItemProxy;
			containerPortal = B3FE74FE1E5AB34C009CBBDA /* Project object */;
			proxyType = 1;
			remoteGlobalIDString = B3FE75051E5AB34C009CBBDA;
			remoteInfo = iOS10NotificationDemo;
		};
		B3FE752B1E5AB34C009CBBDA /* PBXContainerItemProxy */ = {
			isa = PBXContainerItemProxy;
			containerPortal = B3FE74FE1E5AB34C009CBBDA /* Project object */;
			proxyType = 1;
			remoteGlobalIDString = B3FE75051E5AB34C009CBBDA;
			remoteInfo = iOS10NotificationDemo;
		};
		B3FE755A1E5B3762009CBBDA /* PBXContainerItemProxy */ = {
			isa = PBXContainerItemProxy;
			containerPortal = B3FE74FE1E5AB34C009CBBDA /* Project object */;
			proxyType = 1;
			remoteGlobalIDString = B3FE754B1E5B3762009CBBDA;
			remoteInfo = YTContent;
		};
/* End PBXContainerItemProxy section */

/* Begin PBXCopyFilesBuildPhase section */
		B3FE75601E5B3762009CBBDA /* Embed App Extensions */ = {
			isa = PBXCopyFilesBuildPhase;
			buildActionMask = 2147483647;
			dstPath = "";
			dstSubfolderSpec = 13;
			files = (
				B3FE755C1E5B3762009CBBDA /* YTContent.appex in Embed App Extensions */,
			);
			name = "Embed App Extensions";
			runOnlyForDeploymentPostprocessing = 0;
		};
/* End PBXCopyFilesBuildPhase section */

/* Begin PBXFileReference section */
		B3FE75061E5AB34C009CBBDA /* iOS10NotificationDemo.app */ = {isa = PBXFileReference; explicitFileType = wrapper.application; includeInIndex = 0; path = iOS10NotificationDemo.app; sourceTree = BUILT_PRODUCTS_DIR; };
		B3FE750A1E5AB34C009CBBDA /* main.m */ = {isa = PBXFileReference; lastKnownFileType = sourcecode.c.objc; path = main.m; sourceTree = "<group>"; };
		B3FE750C1E5AB34C009CBBDA /* AppDelegate.h */ = {isa = PBXFileReference; lastKnownFileType = sourcecode.c.h; path = AppDelegate.h; sourceTree = "<group>"; };
		B3FE750D1E5AB34C009CBBDA /* AppDelegate.m */ = {isa = PBXFileReference; lastKnownFileType = sourcecode.c.objc; path = AppDelegate.m; sourceTree = "<group>"; };
		B3FE750F1E5AB34C009CBBDA /* ViewController.h */ = {isa = PBXFileReference; lastKnownFileType = sourcecode.c.h; path = ViewController.h; sourceTree = "<group>"; };
		B3FE75101E5AB34C009CBBDA /* ViewController.m */ = {isa = PBXFileReference; lastKnownFileType = sourcecode.c.objc; path = ViewController.m; sourceTree = "<group>"; };
		B3FE75131E5AB34C009CBBDA /* Base */ = {isa = PBXFileReference; lastKnownFileType = file.storyboard; name = Base; path = Base.lproj/Main.storyboard; sourceTree = "<group>"; };
		B3FE75151E5AB34C009CBBDA /* Assets.xcassets */ = {isa = PBXFileReference; lastKnownFileType = folder.assetcatalog; path = Assets.xcassets; sourceTree = "<group>"; };
		B3FE75181E5AB34C009CBBDA /* Base */ = {isa = PBXFileReference; lastKnownFileType = file.storyboard; name = Base; path = Base.lproj/LaunchScreen.storyboard; sourceTree = "<group>"; };
		B3FE751A1E5AB34C009CBBDA /* Info.plist */ = {isa = PBXFileReference; lastKnownFileType = text.plist.xml; path = Info.plist; sourceTree = "<group>"; };
		B3FE751F1E5AB34C009CBBDA /* iOS10NotificationDemoTests.xctest */ = {isa = PBXFileReference; explicitFileType = wrapper.cfbundle; includeInIndex = 0; path = iOS10NotificationDemoTests.xctest; sourceTree = BUILT_PRODUCTS_DIR; };
		B3FE75231E5AB34C009CBBDA /* iOS10NotificationDemoTests.m */ = {isa = PBXFileReference; lastKnownFileType = sourcecode.c.objc; path = iOS10NotificationDemoTests.m; sourceTree = "<group>"; };
		B3FE75251E5AB34C009CBBDA /* Info.plist */ = {isa = PBXFileReference; lastKnownFileType = text.plist.xml; path = Info.plist; sourceTree = "<group>"; };
		B3FE752A1E5AB34C009CBBDA /* iOS10NotificationDemoUITests.xctest */ = {isa = PBXFileReference; explicitFileType = wrapper.cfbundle; includeInIndex = 0; path = iOS10NotificationDemoUITests.xctest; sourceTree = BUILT_PRODUCTS_DIR; };
		B3FE752E1E5AB34C009CBBDA /* iOS10NotificationDemoUITests.m */ = {isa = PBXFileReference; lastKnownFileType = sourcecode.c.objc; path = iOS10NotificationDemoUITests.m; sourceTree = "<group>"; };
		B3FE75301E5AB34C009CBBDA /* Info.plist */ = {isa = PBXFileReference; lastKnownFileType = text.plist.xml; path = Info.plist; sourceTree = "<group>"; };
		B3FE75441E5B34F6009CBBDA /* audio.Mp3 */ = {isa = PBXFileReference; lastKnownFileType = audio.mp3; path = audio.Mp3; sourceTree = "<group>"; };
		B3FE75461E5B3547009CBBDA /* wallpaper.png */ = {isa = PBXFileReference; lastKnownFileType = image.png; path = wallpaper.png; sourceTree = "<group>"; };
		B3FE754C1E5B3762009CBBDA /* YTContent.appex */ = {isa = PBXFileReference; explicitFileType = "wrapper.app-extension"; includeInIndex = 0; path = YTContent.appex; sourceTree = BUILT_PRODUCTS_DIR; };
		B3FE754E1E5B3762009CBBDA /* UserNotifications.framework */ = {isa = PBXFileReference; lastKnownFileType = wrapper.framework; name = UserNotifications.framework; path = System/Library/Frameworks/UserNotifications.framework; sourceTree = SDKROOT; };
		B3FE75501E5B3762009CBBDA /* UserNotificationsUI.framework */ = {isa = PBXFileReference; lastKnownFileType = wrapper.framework; name = UserNotificationsUI.framework; path = System/Library/Frameworks/UserNotificationsUI.framework; sourceTree = SDKROOT; };
		B3FE75531E5B3762009CBBDA /* NotificationViewController.h */ = {isa = PBXFileReference; lastKnownFileType = sourcecode.c.h; path = NotificationViewController.h; sourceTree = "<group>"; };
		B3FE75541E5B3762009CBBDA /* NotificationViewController.m */ = {isa = PBXFileReference; lastKnownFileType = sourcecode.c.objc; path = NotificationViewController.m; sourceTree = "<group>"; };
		B3FE75571E5B3762009CBBDA /* Base */ = {isa = PBXFileReference; lastKnownFileType = file.storyboard; name = Base; path = Base.lproj/MainInterface.storyboard; sourceTree = "<group>"; };
		B3FE75591E5B3762009CBBDA /* Info.plist */ = {isa = PBXFileReference; lastKnownFileType = text.plist.xml; path = Info.plist; sourceTree = "<group>"; };
		B3FE75611E5B4ACD009CBBDA /* video2.mp4 */ = {isa = PBXFileReference; lastKnownFileType = file; path = video2.mp4; sourceTree = "<group>"; };
/* End PBXFileReference section */

/* Begin PBXFrameworksBuildPhase section */
		B3FE75031E5AB34C009CBBDA /* Frameworks */ = {
			isa = PBXFrameworksBuildPhase;
			buildActionMask = 2147483647;
			files = (
			);
			runOnlyForDeploymentPostprocessing = 0;
		};
		B3FE751C1E5AB34C009CBBDA /* Frameworks */ = {
			isa = PBXFrameworksBuildPhase;
			buildActionMask = 2147483647;
			files = (
			);
			runOnlyForDeploymentPostprocessing = 0;
		};
		B3FE75271E5AB34C009CBBDA /* Frameworks */ = {
			isa = PBXFrameworksBuildPhase;
			buildActionMask = 2147483647;
			files = (
			);
			runOnlyForDeploymentPostprocessing = 0;
		};
		B3FE75491E5B3762009CBBDA /* Frameworks */ = {
			isa = PBXFrameworksBuildPhase;
			buildActionMask = 2147483647;
			files = (
				B3FE75511E5B3762009CBBDA /* UserNotificationsUI.framework in Frameworks */,
				B3FE754F1E5B3762009CBBDA /* UserNotifications.framework in Frameworks */,
			);
			runOnlyForDeploymentPostprocessing = 0;
		};
/* End PBXFrameworksBuildPhase section */

/* Begin PBXGroup section */
		B3FE74FD1E5AB34C009CBBDA = {
			isa = PBXGroup;
			children = (
				B3FE75081E5AB34C009CBBDA /* iOS10NotificationDemo */,
				B3FE75221E5AB34C009CBBDA /* iOS10NotificationDemoTests */,
				B3FE752D1E5AB34C009CBBDA /* iOS10NotificationDemoUITests */,
				B3FE75521E5B3762009CBBDA /* YTContent */,
				B3FE754D1E5B3762009CBBDA /* Frameworks */,
				B3FE75071E5AB34C009CBBDA /* Products */,
			);
			sourceTree = "<group>";
		};
		B3FE75071E5AB34C009CBBDA /* Products */ = {
			isa = PBXGroup;
			children = (
				B3FE75061E5AB34C009CBBDA /* iOS10NotificationDemo.app */,
				B3FE751F1E5AB34C009CBBDA /* iOS10NotificationDemoTests.xctest */,
				B3FE752A1E5AB34C009CBBDA /* iOS10NotificationDemoUITests.xctest */,
				B3FE754C1E5B3762009CBBDA /* YTContent.appex */,
			);
			name = Products;
			sourceTree = "<group>";
		};
		B3FE75081E5AB34C009CBBDA /* iOS10NotificationDemo */ = {
			isa = PBXGroup;
			children = (
				B3FE75461E5B3547009CBBDA /* wallpaper.png */,
				B3FE75441E5B34F6009CBBDA /* audio.Mp3 */,
				B3FE75611E5B4ACD009CBBDA /* video2.mp4 */,
				B3FE750C1E5AB34C009CBBDA /* AppDelegate.h */,
				B3FE750D1E5AB34C009CBBDA /* AppDelegate.m */,
				B3FE750F1E5AB34C009CBBDA /* ViewController.h */,
				B3FE75101E5AB34C009CBBDA /* ViewController.m */,
				B3FE75121E5AB34C009CBBDA /* Main.storyboard */,
				B3FE75151E5AB34C009CBBDA /* Assets.xcassets */,
				B3FE75171E5AB34C009CBBDA /* LaunchScreen.storyboard */,
				B3FE751A1E5AB34C009CBBDA /* Info.plist */,
				B3FE75091E5AB34C009CBBDA /* Supporting Files */,
			);
			path = iOS10NotificationDemo;
			sourceTree = "<group>";
		};
		B3FE75091E5AB34C009CBBDA /* Supporting Files */ = {
			isa = PBXGroup;
			children = (
				B3FE750A1E5AB34C009CBBDA /* main.m */,
			);
			name = "Supporting Files";
			sourceTree = "<group>";
		};
		B3FE75221E5AB34C009CBBDA /* iOS10NotificationDemoTests */ = {
			isa = PBXGroup;
			children = (
				B3FE75231E5AB34C009CBBDA /* iOS10NotificationDemoTests.m */,
				B3FE75251E5AB34C009CBBDA /* Info.plist */,
			);
			path = iOS10NotificationDemoTests;
			sourceTree = "<group>";
		};
		B3FE752D1E5AB34C009CBBDA /* iOS10NotificationDemoUITests */ = {
			isa = PBXGroup;
			children = (
				B3FE752E1E5AB34C009CBBDA /* iOS10NotificationDemoUITests.m */,
				B3FE75301E5AB34C009CBBDA /* Info.plist */,
			);
			path = iOS10NotificationDemoUITests;
			sourceTree = "<group>";
		};
		B3FE754D1E5B3762009CBBDA /* Frameworks */ = {
			isa = PBXGroup;
			children = (
				B3FE754E1E5B3762009CBBDA /* UserNotifications.framework */,
				B3FE75501E5B3762009CBBDA /* UserNotificationsUI.framework */,
			);
			name = Frameworks;
			sourceTree = "<group>";
		};
		B3FE75521E5B3762009CBBDA /* YTContent */ = {
			isa = PBXGroup;
			children = (
				B3FE75531E5B3762009CBBDA /* NotificationViewController.h */,
				B3FE75541E5B3762009CBBDA /* NotificationViewController.m */,
				B3FE75561E5B3762009CBBDA /* MainInterface.storyboard */,
				B3FE75591E5B3762009CBBDA /* Info.plist */,
			);
			path = YTContent;
			sourceTree = "<group>";
		};
/* End PBXGroup section */

/* Begin PBXNativeTarget section */
		B3FE75051E5AB34C009CBBDA /* iOS10NotificationDemo */ = {
			isa = PBXNativeTarget;
			buildConfigurationList = B3FE75331E5AB34C009CBBDA /* Build configuration list for PBXNativeTarget "iOS10NotificationDemo" */;
			buildPhases = (
				B3FE75021E5AB34C009CBBDA /* Sources */,
				B3FE75031E5AB34C009CBBDA /* Frameworks */,
				B3FE75041E5AB34C009CBBDA /* Resources */,
				B3FE75601E5B3762009CBBDA /* Embed App Extensions */,
			);
			buildRules = (
			);
			dependencies = (
				B3FE755B1E5B3762009CBBDA /* PBXTargetDependency */,
			);
			name = iOS10NotificationDemo;
			productName = iOS10NotificationDemo;
			productReference = B3FE75061E5AB34C009CBBDA /* iOS10NotificationDemo.app */;
			productType = "com.apple.product-type.application";
		};
		B3FE751E1E5AB34C009CBBDA /* iOS10NotificationDemoTests */ = {
			isa = PBXNativeTarget;
			buildConfigurationList = B3FE75361E5AB34C009CBBDA /* Build configuration list for PBXNativeTarget "iOS10NotificationDemoTests" */;
			buildPhases = (
				B3FE751B1E5AB34C009CBBDA /* Sources */,
				B3FE751C1E5AB34C009CBBDA /* Frameworks */,
				B3FE751D1E5AB34C009CBBDA /* Resources */,
			);
			buildRules = (
			);
			dependencies = (
				B3FE75211E5AB34C009CBBDA /* PBXTargetDependency */,
			);
			name = iOS10NotificationDemoTests;
			productName = iOS10NotificationDemoTests;
			productReference = B3FE751F1E5AB34C009CBBDA /* iOS10NotificationDemoTests.xctest */;
			productType = "com.apple.product-type.bundle.unit-test";
		};
		B3FE75291E5AB34C009CBBDA /* iOS10NotificationDemoUITests */ = {
			isa = PBXNativeTarget;
			buildConfigurationList = B3FE75391E5AB34C009CBBDA /* Build configuration list for PBXNativeTarget "iOS10NotificationDemoUITests" */;
			buildPhases = (
				B3FE75261E5AB34C009CBBDA /* Sources */,
				B3FE75271E5AB34C009CBBDA /* Frameworks */,
				B3FE75281E5AB34C009CBBDA /* Resources */,
			);
			buildRules = (
			);
			dependencies = (
				B3FE752C1E5AB34C009CBBDA /* PBXTargetDependency */,
			);
			name = iOS10NotificationDemoUITests;
			productName = iOS10NotificationDemoUITests;
			productReference = B3FE752A1E5AB34C009CBBDA /* iOS10NotificationDemoUITests.xctest */;
			productType = "com.apple.product-type.bundle.ui-testing";
		};
		B3FE754B1E5B3762009CBBDA /* YTContent */ = {
			isa = PBXNativeTarget;
			buildConfigurationList = B3FE755D1E5B3762009CBBDA /* Build configuration list for PBXNativeTarget "YTContent" */;
			buildPhases = (
				B3FE75481E5B3762009CBBDA /* Sources */,
				B3FE75491E5B3762009CBBDA /* Frameworks */,
				B3FE754A1E5B3762009CBBDA /* Resources */,
			);
			buildRules = (
			);
			dependencies = (
			);
			name = YTContent;
			productName = YTContent;
			productReference = B3FE754C1E5B3762009CBBDA /* YTContent.appex */;
			productType = "com.apple.product-type.app-extension";
		};
/* End PBXNativeTarget section */

/* Begin PBXProject section */
		B3FE74FE1E5AB34C009CBBDA /* Project object */ = {
			isa = PBXProject;
			attributes = {
				LastUpgradeCheck = 0820;
				ORGANIZATIONNAME = YinjianChen;
				TargetAttributes = {
					B3FE75051E5AB34C009CBBDA = {
						CreatedOnToolsVersion = 8.2.1;
						DevelopmentTeam = 6YFDY973XZ;
						ProvisioningStyle = Automatic;
					};
					B3FE751E1E5AB34C009CBBDA = {
						CreatedOnToolsVersion = 8.2.1;
						DevelopmentTeam = 6YFDY973XZ;
						ProvisioningStyle = Automatic;
						TestTargetID = B3FE75051E5AB34C009CBBDA;
					};
					B3FE75291E5AB34C009CBBDA = {
						CreatedOnToolsVersion = 8.2.1;
						DevelopmentTeam = 6YFDY973XZ;
						ProvisioningStyle = Automatic;
						TestTargetID = B3FE75051E5AB34C009CBBDA;
					};
					B3FE754B1E5B3762009CBBDA = {
						CreatedOnToolsVersion = 8.2.1;
						DevelopmentTeam = 6YFDY973XZ;
						ProvisioningStyle = Automatic;
					};
				};
			};
			buildConfigurationList = B3FE75011E5AB34C009CBBDA /* Build configuration list for PBXProject "iOS10NotificationDemo" */;
			compatibilityVersion = "Xcode 3.2";
			developmentRegion = English;
			hasScannedForEncodings = 0;
			knownRegions = (
				en,
				Base,
			);
			mainGroup = B3FE74FD1E5AB34C009CBBDA;
			productRefGroup = B3FE75071E5AB34C009CBBDA /* Products */;
			projectDirPath = "";
			projectRoot = "";
			targets = (
				B3FE75051E5AB34C009CBBDA /* iOS10NotificationDemo */,
				B3FE751E1E5AB34C009CBBDA /* iOS10NotificationDemoTests */,
				B3FE75291E5AB34C009CBBDA /* iOS10NotificationDemoUITests */,
				B3FE754B1E5B3762009CBBDA /* YTContent */,
			);
		};
/* End PBXProject section */

/* Begin PBXResourcesBuildPhase section */
		B3FE75041E5AB34C009CBBDA /* Resources */ = {
			isa = PBXResourcesBuildPhase;
			buildActionMask = 2147483647;
			files = (
				B3FE75451E5B34F6009CBBDA /* audio.Mp3 in Resources */,
				B3FE75191E5AB34C009CBBDA /* LaunchScreen.storyboard in Resources */,
				B3FE75621E5B4ACD009CBBDA /* video2.mp4 in Resources */,
				B3FE75161E5AB34C009CBBDA /* Assets.xcassets in Resources */,
				B3FE75471E5B3547009CBBDA /* wallpaper.png in Resources */,
				B3FE75141E5AB34C009CBBDA /* Main.storyboard in Resources */,
			);
			runOnlyForDeploymentPostprocessing = 0;
		};
		B3FE751D1E5AB34C009CBBDA /* Resources */ = {
			isa = PBXResourcesBuildPhase;
			buildActionMask = 2147483647;
			files = (
			);
			runOnlyForDeploymentPostprocessing = 0;
		};
		B3FE75281E5AB34C009CBBDA /* Resources */ = {
			isa = PBXResourcesBuildPhase;
			buildActionMask = 2147483647;
			files = (
			);
			runOnlyForDeploymentPostprocessing = 0;
		};
		B3FE754A1E5B3762009CBBDA /* Resources */ = {
			isa = PBXResourcesBuildPhase;
			buildActionMask = 2147483647;
			files = (
				B3FE75581E5B3762009CBBDA /* MainInterface.storyboard in Resources */,
			);
			runOnlyForDeploymentPostprocessing = 0;
		};
/* End PBXResourcesBuildPhase section */

/* Begin PBXSourcesBuildPhase section */
		B3FE75021E5AB34C009CBBDA /* Sources */ = {
			isa = PBXSourcesBuildPhase;
			buildActionMask = 2147483647;
			files = (
				B3FE75111E5AB34C009CBBDA /* ViewController.m in Sources */,
				B3FE750E1E5AB34C009CBBDA /* AppDelegate.m in Sources */,
				B3FE750B1E5AB34C009CBBDA /* main.m in Sources */,
			);
			runOnlyForDeploymentPostprocessing = 0;
		};
		B3FE751B1E5AB34C009CBBDA /* Sources */ = {
			isa = PBXSourcesBuildPhase;
			buildActionMask = 2147483647;
			files = (
				B3FE75241E5AB34C009CBBDA /* iOS10NotificationDemoTests.m in Sources */,
			);
			runOnlyForDeploymentPostprocessing = 0;
		};
		B3FE75261E5AB34C009CBBDA /* Sources */ = {
			isa = PBXSourcesBuildPhase;
			buildActionMask = 2147483647;
			files = (
				B3FE752F1E5AB34C009CBBDA /* iOS10NotificationDemoUITests.m in Sources */,
			);
			runOnlyForDeploymentPostprocessing = 0;
		};
		B3FE75481E5B3762009CBBDA /* Sources */ = {
			isa = PBXSourcesBuildPhase;
			buildActionMask = 2147483647;
			files = (
				B3FE75551E5B3762009CBBDA /* NotificationViewController.m in Sources */,
			);
			runOnlyForDeploymentPostprocessing = 0;
		};
/* End PBXSourcesBuildPhase section */

/* Begin PBXTargetDependency section */
		B3FE75211E5AB34C009CBBDA /* PBXTargetDependency */ = {
			isa = PBXTargetDependency;
			target = B3FE75051E5AB34C009CBBDA /* iOS10NotificationDemo */;
			targetProxy = B3FE75201E5AB34C009CBBDA /* PBXContainerItemProxy */;
		};
		B3FE752C1E5AB34C009CBBDA /* PBXTargetDependency */ = {
			isa = PBXTargetDependency;
			target = B3FE75051E5AB34C009CBBDA /* iOS10NotificationDemo */;
			targetProxy = B3FE752B1E5AB34C009CBBDA /* PBXContainerItemProxy */;
		};
		B3FE755B1E5B3762009CBBDA /* PBXTargetDependency */ = {
			isa = PBXTargetDependency;
			target = B3FE754B1E5B3762009CBBDA /* YTContent */;
			targetProxy = B3FE755A1E5B3762009CBBDA /* PBXContainerItemProxy */;
		};
/* End PBXTargetDependency section */

/* Begin PBXVariantGroup section */
		B3FE75121E5AB34C009CBBDA /* Main.storyboard */ = {
			isa = PBXVariantGroup;
			children = (
				B3FE75131E5AB34C009CBBDA /* Base */,
			);
			name = Main.storyboard;
			sourceTree = "<group>";
		};
		B3FE75171E5AB34C009CBBDA /* LaunchScreen.storyboard */ = {
			isa = PBXVariantGroup;
			children = (
				B3FE75181E5AB34C009CBBDA /* Base */,
			);
			name = LaunchScreen.storyboard;
			sourceTree = "<group>";
		};
		B3FE75561E5B3762009CBBDA /* MainInterface.storyboard */ = {
			isa = PBXVariantGroup;
			children = (
				B3FE75571E5B3762009CBBDA /* Base */,
			);
			name = MainInterface.storyboard;
			sourceTree = "<group>";
		};
/* End PBXVariantGroup section */

/* Begin XCBuildConfiguration section */
		B3FE75311E5AB34C009CBBDA /* Debug */ = {
			isa = XCBuildConfiguration;
			buildSettings = {
				ALWAYS_SEARCH_USER_PATHS = NO;
				CLANG_ANALYZER_NONNULL = YES;
				CLANG_CXX_LANGUAGE_STANDARD = "gnu++0x";
				CLANG_CXX_LIBRARY = "libc++";
				CLANG_ENABLE_MODULES = YES;
				CLANG_ENABLE_OBJC_ARC = YES;
				CLANG_WARN_BOOL_CONVERSION = YES;
				CLANG_WARN_CONSTANT_CONVERSION = YES;
				CLANG_WARN_DIRECT_OBJC_ISA_USAGE = YES_ERROR;
				CLANG_WARN_DOCUMENTATION_COMMENTS = YES;
				CLANG_WARN_EMPTY_BODY = YES;
				CLANG_WARN_ENUM_CONVERSION = YES;
				CLANG_WARN_INFINITE_RECURSION = YES;
				CLANG_WARN_INT_CONVERSION = YES;
				CLANG_WARN_OBJC_ROOT_CLASS = YES_ERROR;
				CLANG_WARN_SUSPICIOUS_MOVE = YES;
				CLANG_WARN_UNREACHABLE_CODE = YES;
				CLANG_WARN__DUPLICATE_METHOD_MATCH = YES;
				"CODE_SIGN_IDENTITY[sdk=iphoneos*]" = "iPhone Developer";
				COPY_PHASE_STRIP = NO;
				DEBUG_INFORMATION_FORMAT = dwarf;
				ENABLE_STRICT_OBJC_MSGSEND = YES;
				ENABLE_TESTABILITY = YES;
				GCC_C_LANGUAGE_STANDARD = gnu99;
				GCC_DYNAMIC_NO_PIC = NO;
				GCC_NO_COMMON_BLOCKS = YES;
				GCC_OPTIMIZATION_LEVEL = 0;
				GCC_PREPROCESSOR_DEFINITIONS = (
					"DEBUG=1",
					"$(inherited)",
				);
				GCC_WARN_64_TO_32_BIT_CONVERSION = YES;
				GCC_WARN_ABOUT_RETURN_TYPE = YES_ERROR;
				GCC_WARN_UNDECLARED_SELECTOR = YES;
				GCC_WARN_UNINITIALIZED_AUTOS = YES_AGGRESSIVE;
				GCC_WARN_UNUSED_FUNCTION = YES;
				GCC_WARN_UNUSED_VARIABLE = YES;
				IPHONEOS_DEPLOYMENT_TARGET = 10.2;
				MTL_ENABLE_DEBUG_INFO = YES;
				ONLY_ACTIVE_ARCH = YES;
				SDKROOT = iphoneos;
				TARGETED_DEVICE_FAMILY = "1,2";
			};
			name = Debug;
		};
		B3FE75321E5AB34C009CBBDA /* Release */ = {
			isa = XCBuildConfiguration;
			buildSettings = {
				ALWAYS_SEARCH_USER_PATHS = NO;
				CLANG_ANALYZER_NONNULL = YES;
				CLANG_CXX_LANGUAGE_STANDARD = "gnu++0x";
				CLANG_CXX_LIBRARY = "libc++";
				CLANG_ENABLE_MODULES = YES;
				CLANG_ENABLE_OBJC_ARC = YES;
				CLANG_WARN_BOOL_CONVERSION = YES;
				CLANG_WARN_CONSTANT_CONVERSION = YES;
				CLANG_WARN_DIRECT_OBJC_ISA_USAGE = YES_ERROR;
				CLANG_WARN_DOCUMENTATION_COMMENTS = YES;
				CLANG_WARN_EMPTY_BODY = YES;
				CLANG_WARN_ENUM_CONVERSION = YES;
				CLANG_WARN_INFINITE_RECURSION = YES;
				CLANG_WARN_INT_CONVERSION = YES;
				CLANG_WARN_OBJC_ROOT_CLASS = YES_ERROR;
				CLANG_WARN_SUSPICIOUS_MOVE = YES;
				CLANG_WARN_UNREACHABLE_CODE = YES;
				CLANG_WARN__DUPLICATE_METHOD_MATCH = YES;
				"CODE_SIGN_IDENTITY[sdk=iphoneos*]" = "iPhone Developer";
				COPY_PHASE_STRIP = NO;
				DEBUG_INFORMATION_FORMAT = "dwarf-with-dsym";
				ENABLE_NS_ASSERTIONS = NO;
				ENABLE_STRICT_OBJC_MSGSEND = YES;
				GCC_C_LANGUAGE_STANDARD = gnu99;
				GCC_NO_COMMON_BLOCKS = YES;
				GCC_WARN_64_TO_32_BIT_CONVERSION = YES;
				GCC_WARN_ABOUT_RETURN_TYPE = YES_ERROR;
				GCC_WARN_UNDECLARED_SELECTOR = YES;
				GCC_WARN_UNINITIALIZED_AUTOS = YES_AGGRESSIVE;
				GCC_WARN_UNUSED_FUNCTION = YES;
				GCC_WARN_UNUSED_VARIABLE = YES;
				IPHONEOS_DEPLOYMENT_TARGET = 10.2;
				MTL_ENABLE_DEBUG_INFO = NO;
				SDKROOT = iphoneos;
				TARGETED_DEVICE_FAMILY = "1,2";
				VALIDATE_PRODUCT = YES;
			};
			name = Release;
		};
		B3FE75341E5AB34C009CBBDA /* Debug */ = {
			isa = XCBuildConfiguration;
			buildSettings = {
				ASSETCATALOG_COMPILER_APPICON_NAME = AppIcon;
				DEVELOPMENT_TEAM = 6YFDY973XZ;
				INFOPLIST_FILE = iOS10NotificationDemo/Info.plist;
				LD_RUNPATH_SEARCH_PATHS = "$(inherited) @executable_path/Frameworks";
				PRODUCT_BUNDLE_IDENTIFIER = YinjianChen.iOS10NotificationDemo;
				PRODUCT_NAME = "$(TARGET_NAME)";
			};
			name = Debug;
		};
		B3FE75351E5AB34C009CBBDA /* Release */ = {
			isa = XCBuildConfiguration;
			buildSettings = {
				ASSETCATALOG_COMPILER_APPICON_NAME = AppIcon;
				DEVELOPMENT_TEAM = 6YFDY973XZ;
				INFOPLIST_FILE = iOS10NotificationDemo/Info.plist;
				LD_RUNPATH_SEARCH_PATHS = "$(inherited) @executable_path/Frameworks";
				PRODUCT_BUNDLE_IDENTIFIER = YinjianChen.iOS10NotificationDemo;
				PRODUCT_NAME = "$(TARGET_NAME)";
			};
			name = Release;
		};
		B3FE75371E5AB34C009CBBDA /* Debug */ = {
			isa = XCBuildConfiguration;
			buildSettings = {
				BUNDLE_LOADER = "$(TEST_HOST)";
				DEVELOPMENT_TEAM = 6YFDY973XZ;
				INFOPLIST_FILE = iOS10NotificationDemoTests/Info.plist;
				LD_RUNPATH_SEARCH_PATHS = "$(inherited) @executable_path/Frameworks @loader_path/Frameworks";
				PRODUCT_BUNDLE_IDENTIFIER = YinjianChen.iOS10NotificationDemoTests;
				PRODUCT_NAME = "$(TARGET_NAME)";
				TEST_HOST = "$(BUILT_PRODUCTS_DIR)/iOS10NotificationDemo.app/iOS10NotificationDemo";
			};
			name = Debug;
		};
		B3FE75381E5AB34C009CBBDA /* Release */ = {
			isa = XCBuildConfiguration;
			buildSettings = {
				BUNDLE_LOADER = "$(TEST_HOST)";
				DEVELOPMENT_TEAM = 6YFDY973XZ;
				INFOPLIST_FILE = iOS10NotificationDemoTests/Info.plist;
				LD_RUNPATH_SEARCH_PATHS = "$(inherited) @executable_path/Frameworks @loader_path/Frameworks";
				PRODUCT_BUNDLE_IDENTIFIER = YinjianChen.iOS10NotificationDemoTests;
				PRODUCT_NAME = "$(TARGET_NAME)";
				TEST_HOST = "$(BUILT_PRODUCTS_DIR)/iOS10NotificationDemo.app/iOS10NotificationDemo";
			};
			name = Release;
		};
		B3FE753A1E5AB34C009CBBDA /* Debug */ = {
			isa = XCBuildConfiguration;
			buildSettings = {
				DEVELOPMENT_TEAM = 6YFDY973XZ;
				INFOPLIST_FILE = iOS10NotificationDemoUITests/Info.plist;
				LD_RUNPATH_SEARCH_PATHS = "$(inherited) @executable_path/Frameworks @loader_path/Frameworks";
				PRODUCT_BUNDLE_IDENTIFIER = YinjianChen.iOS10NotificationDemoUITests;
				PRODUCT_NAME = "$(TARGET_NAME)";
				TEST_TARGET_NAME = iOS10NotificationDemo;
			};
			name = Debug;
		};
		B3FE753B1E5AB34C009CBBDA /* Release */ = {
			isa = XCBuildConfiguration;
			buildSettings = {
				DEVELOPMENT_TEAM = 6YFDY973XZ;
				INFOPLIST_FILE = iOS10NotificationDemoUITests/Info.plist;
				LD_RUNPATH_SEARCH_PATHS = "$(inherited) @executable_path/Frameworks @loader_path/Frameworks";
				PRODUCT_BUNDLE_IDENTIFIER = YinjianChen.iOS10NotificationDemoUITests;
				PRODUCT_NAME = "$(TARGET_NAME)";
				TEST_TARGET_NAME = iOS10NotificationDemo;
			};
			name = Release;
		};
		B3FE755E1E5B3762009CBBDA /* Debug */ = {
			isa = XCBuildConfiguration;
			buildSettings = {
				DEVELOPMENT_TEAM = 6YFDY973XZ;
				INFOPLIST_FILE = YTContent/Info.plist;
				LD_RUNPATH_SEARCH_PATHS = "$(inherited) @executable_path/Frameworks @executable_path/../../Frameworks";
				PRODUCT_BUNDLE_IDENTIFIER = YinjianChen.iOS10NotificationDemo.YTContent;
				PRODUCT_NAME = "$(TARGET_NAME)";
				SKIP_INSTALL = YES;
			};
			name = Debug;
		};
		B3FE755F1E5B3762009CBBDA /* Release */ = {
			isa = XCBuildConfiguration;
			buildSettings = {
				DEVELOPMENT_TEAM = 6YFDY973XZ;
				INFOPLIST_FILE = YTContent/Info.plist;
				LD_RUNPATH_SEARCH_PATHS = "$(inherited) @executable_path/Frameworks @executable_path/../../Frameworks";
				PRODUCT_BUNDLE_IDENTIFIER = YinjianChen.iOS10NotificationDemo.YTContent;
				PRODUCT_NAME = "$(TARGET_NAME)";
				SKIP_INSTALL = YES;
			};
			name = Release;
		};
/* End XCBuildConfiguration section */

/* Begin XCConfigurationList section */
		B3FE75011E5AB34C009CBBDA /* Build configuration list for PBXProject "iOS10NotificationDemo" */ = {
			isa = XCConfigurationList;
			buildConfigurations = (
				B3FE75311E5AB34C009CBBDA /* Debug */,
				B3FE75321E5AB34C009CBBDA /* Release */,
			);
			defaultConfigurationIsVisible = 0;
			defaultConfigurationName = Release;
		};
		B3FE75331E5AB34C009CBBDA /* Build configuration list for PBXNativeTarget "iOS10NotificationDemo" */ = {
			isa = XCConfigurationList;
			buildConfigurations = (
				B3FE75341E5AB34C009CBBDA /* Debug */,
				B3FE75351E5AB34C009CBBDA /* Release */,
			);
			defaultConfigurationIsVisible = 0;
		};
		B3FE75361E5AB34C009CBBDA /* Build configuration list for PBXNativeTarget "iOS10NotificationDemoTests" */ = {
			isa = XCConfigurationList;
			buildConfigurations = (
				B3FE75371E5AB34C009CBBDA /* Debug */,
				B3FE75381E5AB34C009CBBDA /* Release */,
			);
			defaultConfigurationIsVisible = 0;
		};
		B3FE75391E5AB34C009CBBDA /* Build configuration list for PBXNativeTarget "iOS10NotificationDemoUITests" */ = {
			isa = XCConfigurationList;
			buildConfigurations = (
				B3FE753A1E5AB34C009CBBDA /* Debug */,
				B3FE753B1E5AB34C009CBBDA /* Release */,
			);
			defaultConfigurationIsVisible = 0;
		};
		B3FE755D1E5B3762009CBBDA /* Build configuration list for PBXNativeTarget "YTContent" */ = {
			isa = XCConfigurationList;
			buildConfigurations = (
				B3FE755E1E5B3762009CBBDA /* Debug */,
				B3FE755F1E5B3762009CBBDA /* Release */,
			);
			defaultConfigurationIsVisible = 0;
		};
/* End XCConfigurationList section */
	};
	rootObject = B3FE74FE1E5AB34C009CBBDA /* Project object */;
}
